{
  "pins" : [
    {
      "identity" : "anglegradientview",
      "kind" : "remoteSourceControl",
      "location" : "https://github.com/stateman92/AngleGradientView",
      "state" : {
        "revision" : "0efaedfb5fb037dd242a5bc83cb6abe87ff8a38f",
        "version" : "0.0.5"
      }
    }
  ],
  "version" : 2
}
